github.com/brody192/ext v1.0.1 h1:wcht+Mm4bW01y05FNcNCEm3v5+l0BS30mFKdDEdKs5o=
github.com/brody192/ext v1.0.1/go.mod h1:uVAB4eWix9WONMGACnje9YYAXtwlNES6bhxsqQwdcag=
github.com/brody192/ext v1.0.3 h1:NmYdAOnBDYmVWX2Ypc2AsUFUDWzaZKoxK9FS7Cl1/qM=
github.com/brody192/ext v1.0.3/go.mod h1:XgQgZ+FHrteCpxhbPyRuqJCA7W1L033wO21RZj8tNxU=
github.com/brody192/logger v0.0.5 h1:1xfbVnWijvpB0gPwUVyjlGIp45n1e650bYovdTREyag=
github.com/brody192/logger v0.0.5/go.mod h1:U5FG46DkOU21OlsjjoMIwXOnh2+8/erIMTNUGag3pwU=
github.com/dchest/jsmin v0.0.0-20220218165748-59f39799265f h1:OGqDDftRTwrvUoL6pOG7rYTmWsTCvyEWFsMjg+HcOaA=
github.com/dchest/jsmin v0.0.0-20220218165748-59f39799265f/go.mod h1:Dv9D0NUlAsaQcGQZa5kc5mqR9ua72SmA8VXi4cd+cBw=
github.com/go-chi/chi/v5 v5.0.10 h1:rLz5avzKpjqxrYwXNfmjkrYYXOyLJd37pz53UFHC6vk=
github.com/go-chi/chi/v5 v5.0.10/go.mod h1:DslCQbL2OYiznFReuXYUmQ2hGd1aDpCnlMNITLSKoi8=
github.com/go-chi/chi/v5 v5.0.12 h1:9euLV5sTrTNTRUU9POmDUvfxyj6LAABLUcEWO+JJb4s=
github.com/go-chi/chi/v5 v5.0.12/go.mod h1:DslCQbL2OYiznFReuXYUmQ2hGd1aDpCnlMNITLSKoi8=
github.com/go-chi/chi/v5 v5.0.13 h1:JlH2F2M8qnwl0N1+JFFzlX9TlKJYas3aPXdiuTmJL+w=
github.com/go-chi/chi/v5 v5.0.13/go.mod h1:DslCQbL2OYiznFReuXYUmQ2hGd1aDpCnlMNITLSKoi8=
github.com/go-chi/chi/v5 v5.1.0 h1:acVI1TYaD+hhedDJ3r54HyA6sExp3HfXq7QWEEY/xMw=
github.com/go-chi/chi/v5 v5.1.0/go.mod h1:DslCQbL2OYiznFReuXYUmQ2hGd1aDpCnlMNITLSKoi8=
github.com/spf13/afero v1.11.0 h1:WJQKhtpdm3v2IzqG8VMqrr6Rf3UYpEF239Jy9wNepM8=
github.com/spf13/afero v1.11.0/go.mod h1:GH9Y3pIexgf1MTIWtNGyogA5MwRIDXGUr+hbWNoBjkY=
github.com/yalue/merged_fs v1.2.3 h1:lJ32O+ZiVF4h+4SD8e7IfG8+V2Em4LPcT3Z7h2n2TrY=
github.com/yalue/merged_fs v1.2.3/go.mod h1:WqqchfVYQyclV2tnR7wtRhBddzBvLVR83Cjw9BKQw0M=
github.com/yalue/merged_fs v1.3.0 h1:qCeh9tMPNy/i8cwDsQTJ5bLr6IRxbs6meakNE5O+wyY=
github.com/yalue/merged_fs v1.3.0/go.mod h1:WqqchfVYQyclV2tnR7wtRhBddzBvLVR83Cjw9BKQw0M=
golang.org/x/text v0.14.0 h1:ScX5w1eTa3QqT8oi6+ziP7dTV1S2+ALU0bI+0zXKWiQ=
golang.org/x/text v0.14.0/go.mod h1:18ZOQIKpY8NJVqYksKHtTdi31H5itFRjB5/qKTNYzSU=
golang.org/x/text v0.16.0 h1:a94ExnEXNtEwYLGJSIUxnWoxoRz/ZcCsV63ROupILh4=
golang.org/x/text v0.16.0/go.mod h1:GhwF1Be+LQoKShO3cGOHzqOgRrGaYc9AvblQOmPVHnI=
golang.org/x/text v0.18.0 h1:XvMDiNzPAl0jr17s6W9lcaIhGUfUORdGCNsuLmPG224=
golang.org/x/text v0.18.0/go.mod h1:BuEKDfySbSR4drPmRPG/7iBdf8hvFMuRexcpahXilzY=
